// !$*UTF8*$!
{
	archiveVersion = 1;
	classes = {
	};
	objectVersion = 50;
	objects = {

/* Begin PBXBuildFile section */
		323089EE25615FF0009D8602 /* AppDelegate.swift in Sources */ = {isa = PBXBuildFile; fileRef = 323089ED25615FF0009D8602 /* AppDelegate.swift */; };
		323089F025615FF0009D8602 /* SceneDelegate.swift in Sources */ = {isa = PBXBuildFile; fileRef = 323089EF25615FF0009D8602 /* SceneDelegate.swift */; };
		323089F525615FF0009D8602 /* Main.storyboard in Resources */ = {isa = PBXBuildFile; fileRef = 323089F325615FF0009D8602 /* Main.storyboard */; };
		323089F725615FF3009D8602 /* Assets.xcassets in Resources */ = {isa = PBXBuildFile; fileRef = 323089F625615FF3009D8602 /* Assets.xcassets */; };
		323089FA25615FF3009D8602 /* LaunchScreen.storyboard in Resources */ = {isa = PBXBuildFile; fileRef = 323089F825615FF3009D8602 /* LaunchScreen.storyboard */; };
		32308A06256162A4009D8602 /* MainTaskTableViewCell.swift in Sources */ = {isa = PBXBuildFile; fileRef = 32308A05256162A4009D8602 /* MainTaskTableViewCell.swift */; };
		32308A0A25616303009D8602 /* MainTasksTableViewController.swift in Sources */ = {isa = PBXBuildFile; fileRef = 32308A0925616303009D8602 /* MainTasksTableViewController.swift */; };
		32308A0F25616425009D8602 /* TaskManager.swift in Sources */ = {isa = PBXBuildFile; fileRef = 32308A0E25616425009D8602 /* TaskManager.swift */; };
		328D96362562E139003386B4 /* SubTasksTableViewController.swift in Sources */ = {isa = PBXBuildFile; fileRef = 328D96352562E139003386B4 /* SubTasksTableViewController.swift */; };
		328D963A2562E1A3003386B4 /* SubTaskTableViewCell.swift in Sources */ = {isa = PBXBuildFile; fileRef = 328D96392562E1A3003386B4 /* SubTaskTableViewCell.swift */; };
/* End PBXBuildFile section */

/* Begin PBXFileReference section */
		323089EA25615FF0009D8602 /* Task Manager.app */ = {isa = PBXFileReference; explicitFileType = wrapper.application; includeInIndex = 0; path = "Task Manager.app"; sourceTree = BUILT_PRODUCTS_DIR; };
		323089ED25615FF0009D8602 /* AppDelegate.swift */ = {isa = PBXFileReference; lastKnownFileType = sourcecode.swift; path = AppDelegate.swift; sourceTree = "<group>"; };
		323089EF25615FF0009D8602 /* SceneDelegate.swift */ = {isa = PBXFileReference; lastKnownFileType = sourcecode.swift; path = SceneDelegate.swift; sourceTree = "<group>"; };
		323089F425615FF0009D8602 /* Base */ = {isa = PBXFileReference; lastKnownFileType = file.storyboard; name = Base; path = Base.lproj/Main.storyboard; sourceTree = "<group>"; };
		323089F625615FF3009D8602 /* Assets.xcassets */ = {isa = PBXFileReference; lastKnownFileType = folder.assetcatalog; path = Assets.xcassets; sourceTree = "<group>"; };
		323089F925615FF3009D8602 /* Base */ = {isa = PBXFileReference; lastKnownFileType = file.storyboard; name = Base; path = Base.lproj/LaunchScreen.storyboard; sourceTree = "<group>"; };
		323089FB25615FF3009D8602 /* Info.plist */ = {isa = PBXFileReference; lastKnownFileType = text.plist.xml; path = Info.plist; sourceTree = "<group>"; };
		32308A05256162A4009D8602 /* MainTaskTableViewCell.swift */ = {isa = PBXFileReference; lastKnownFileType = sourcecode.swift; path = MainTaskTableViewCell.swift; sourceTree = "<group>"; };
		32308A0925616303009D8602 /* MainTasksTableViewController.swift */ = {isa = PBXFileReference; lastKnownFileType = sourcecode.swift; path = MainTasksTableViewController.swift; sourceTree = "<group>"; };
		32308A0E25616425009D8602 /* TaskManager.swift */ = {isa = PBXFileReference; lastKnownFileType = sourcecode.swift; path = TaskManager.swift; sourceTree = "<group>"; };
		328D96352562E139003386B4 /* SubTasksTableViewController.swift */ = {isa = PBXFileReference; lastKnownFileType = sourcecode.swift; path = SubTasksTableViewController.swift; sourceTree = "<group>"; };
		328D96392562E1A3003386B4 /* SubTaskTableViewCell.swift */ = {isa = PBXFileReference; lastKnownFileType = sourcecode.swift; path = SubTaskTableViewCell.swift; sourceTree = "<group>"; };
/* End PBXFileReference section */

/* Begin PBXFrameworksBuildPhase section */
		323089E725615FF0009D8602 /* Frameworks */ = {
			isa = PBXFrameworksBuildPhase;
			buildActionMask = 2147483647;
			files = (
			);
			runOnlyForDeploymentPostprocessing = 0;
		};
/* End PBXFrameworksBuildPhase section */

/* Begin PBXGroup section */
		323089E125615FF0009D8602 = {
			isa = PBXGroup;
			children = (
				323089EC25615FF0009D8602 /* Task Manager */,
				323089EB25615FF0009D8602 /* Products */,
			);
			sourceTree = "<group>";
		};
		323089EB25615FF0009D8602 /* Products */ = {
			isa = PBXGroup;
			children = (
				323089EA25615FF0009D8602 /* Task Manager.app */,
			);
			name = Products;
			sourceTree = "<group>";
		};
		323089EC25615FF0009D8602 /* Task Manager */ = {
			isa = PBXGroup;
			children = (
				32308A0D256163F0009D8602 /* Protocols */,
				32308A022561616F009D8602 /* Screens */,
				323089ED25615FF0009D8602 /* AppDelegate.swift */,
				323089EF25615FF0009D8602 /* SceneDelegate.swift */,
				323089F325615FF0009D8602 /* Main.storyboard */,
				323089F625615FF3009D8602 /* Assets.xcassets */,
				323089F825615FF3009D8602 /* LaunchScreen.storyboard */,
				323089FB25615FF3009D8602 /* Info.plist */,
			);
			path = "Task Manager";
			sourceTree = "<group>";
		};
		32308A022561616F009D8602 /* Screens */ = {
			isa = PBXGroup;
			children = (
				32308A042561628D009D8602 /* Main Screen */,
				328D96342562E113003386B4 /* Subtasks */,
			);
			path = Screens;
			sourceTree = "<group>";
		};
		32308A042561628D009D8602 /* Main Screen */ = {
			isa = PBXGroup;
			children = (
				32308A0925616303009D8602 /* MainTasksTableViewController.swift */,
				32308A05256162A4009D8602 /* MainTaskTableViewCell.swift */,
			);
			path = "Main Screen";
			sourceTree = "<group>";
		};
		32308A0D256163F0009D8602 /* Protocols */ = {
			isa = PBXGroup;
			children = (
				32308A0E25616425009D8602 /* TaskManager.swift */,
			);
			path = Protocols;
			sourceTree = "<group>";
		};
		328D96342562E113003386B4 /* Subtasks */ = {
			isa = PBXGroup;
			children = (
				328D96352562E139003386B4 /* SubTasksTableViewController.swift */,
				328D96392562E1A3003386B4 /* SubTaskTableViewCell.swift */,
			);
			path = Subtasks;
			sourceTree = "<group>";
		};
/* End PBXGroup section */

/* Begin PBXNativeTarget section */
		323089E925615FF0009D8602 /* Task Manager */ = {
			isa = PBXNativeTarget;
			buildConfigurationList = 323089FE25615FF3009D8602 /* Build configuration list for PBXNativeTarget "Task Manager" */;
			buildPhases = (
				323089E625615FF0009D8602 /* Sources */,
				323089E725615FF0009D8602 /* Frameworks */,
				323089E825615FF0009D8602 /* Resources */,
			);
			buildRules = (
			);
			dependencies = (
			);
			name = "Task Manager";
			productName = "Task Manager";
			productReference = 323089EA25615FF0009D8602 /* Task Manager.app */;
			productType = "com.apple.product-type.application";
		};
/* End PBXNativeTarget section */

/* Begin PBXProject section */
		323089E225615FF0009D8602 /* Project object */ = {
			isa = PBXProject;
			attributes = {
				LastSwiftUpdateCheck = 1210;
				LastUpgradeCheck = 1210;
				TargetAttributes = {
					323089E925615FF0009D8602 = {
						CreatedOnToolsVersion = 12.1;
					};
				};
			};
			buildConfigurationList = 323089E525615FF0009D8602 /* Build configuration list for PBXProject "Task Manager" */;
			compatibilityVersion = "Xcode 9.3";
			developmentRegion = en;
			hasScannedForEncodings = 0;
			knownRegions = (
				en,
				Base,
			);
			mainGroup = 323089E125615FF0009D8602;
			productRefGroup = 323089EB25615FF0009D8602 /* Products */;
			projectDirPath = "";
			projectRoot = "";
			targets = (
				323089E925615FF0009D8602 /* Task Manager */,
			);
		};
/* End PBXProject section */

/* Begin PBXResourcesBuildPhase section */
		323089E825615FF0009D8602 /* Resources */ = {
			isa = PBXResourcesBuildPhase;
			buildActionMask = 2147483647;
			files = (
				323089FA25615FF3009D8602 /* LaunchScreen.storyboard in Resources */,
				323089F725615FF3009D8602 /* Assets.xcassets in Resources */,
				323089F525615FF0009D8602 /* Main.storyboard in Resources */,
			);
			runOnlyForDeploymentPostprocessing = 0;
		};
/* End PBXResourcesBuildPhase section */

/* Begin PBXSourcesBuildPhase section */
		323089E625615FF0009D8602 /* Sources */ = {
			isa = PBXSourcesBuildPhase;
			buildActionMask = 2147483647;
			files = (
				32308A06256162A4009D8602 /* MainTaskTableViewCell.swift in Sources */,
				328D96362562E139003386B4 /* SubTasksTableViewController.swift in Sources */,
				323089EE25615FF0009D8602 /* AppDelegate.swift in Sources */,
				32308A0F25616425009D8602 /* TaskManager.swift in Sources */,
				323089F025615FF0009D8602 /* SceneDelegate.swift in Sources */,
				32308A0A25616303009D8602 /* MainTasksTableViewController.swift in Sources */,
				328D963A2562E1A3003386B4 /* SubTaskTableViewCell.swift in Sources */,
			);
			runOnlyForDeploymentPostprocessing = 0;
		};
/* End PBXSourcesBuildPhase section */

/* Begin PBXVariantGroup section */
		323089F325615FF0009D8602 /* Main.storyboard */ = {
			isa = PBXVariantGroup;
			children = (
				323089F425615FF0009D8602 /* Base */,
			);
			name = Main.storyboard;
			sourceTree = "<group>";
		};
		323089F825615FF3009D8602 /* LaunchScreen.storyboard */ = {
			isa = PBXVariantGroup;
			children = (
				323089F925615FF3009D8602 /* Base */,
			);
			name = LaunchScreen.storyboard;
			sourceTree = "<group>";
		};
/* End PBXVariantGroup section */

/* Begin XCBuildConfiguration section */
		323089FC25615FF3009D8602 /* Debug */ = {
			isa = XCBuildConfiguration;
			buildSettings = {
				ALWAYS_SEARCH_USER_PATHS = NO;
				CLANG_ANALYZER_NONNULL = YES;
				CLANG_ANALYZER_NUMBER_OBJECT_CONVERSION = YES_AGGRESSIVE;
				CLANG_CXX_LANGUAGE_STANDARD = "gnu++14";
				CLANG_CXX_LIBRARY = "libc++";
				CLANG_ENABLE_MODULES = YES;
				CLANG_ENABLE_OBJC_ARC = YES;
				CLANG_ENABLE_OBJC_WEAK = YES;
				CLANG_WARN_BLOCK_CAPTURE_AUTORELEASING = YES;
				CLANG_WARN_BOOL_CONVERSION = YES;
				CLANG_WARN_COMMA = YES;
				CLANG_WARN_CONSTANT_CONVERSION = YES;
				CLANG_WARN_DEPRECATED_OBJC_IMPLEMENTATIONS = YES;
				CLANG_WARN_DIRECT_OBJC_ISA_USAGE = YES_ERROR;
				CLANG_WARN_DOCUMENTATION_COMMENTS = YES;
				CLANG_WARN_EMPTY_BODY = YES;
				CLANG_WARN_ENUM_CONVERSION = YES;
				CLANG_WARN_INFINITE_RECURSION = YES;
				CLANG_WARN_INT_CONVERSION = YES;
				CLANG_WARN_NON_LITERAL_NULL_CONVERSION = YES;
				CLANG_WARN_OBJC_IMPLICIT_RETAIN_SELF = YES;
				CLANG_WARN_OBJC_LITERAL_CONVERSION = YES;
				CLANG_WARN_OBJC_ROOT_CLASS = YES_ERROR;
				CLANG_WARN_QUOTED_INCLUDE_IN_FRAMEWORK_HEADER = YES;
				CLANG_WARN_RANGE_LOOP_ANALYSIS = YES;
				CLANG_WARN_STRICT_PROTOTYPES = YES;
				CLANG_WARN_SUSPICIOUS_MOVE = YES;
				CLANG_WARN_UNGUARDED_AVAILABILITY = YES_AGGRESSIVE;
				CLANG_WARN_UNREACHABLE_CODE = YES;
				CLANG_WARN__DUPLICATE_METHOD_MATCH = YES;
				COPY_PHASE_STRIP = NO;
				DEBUG_INFORMATION_FORMAT = dwarf;
				ENABLE_STRICT_OBJC_MSGSEND = YES;
				ENABLE_TESTABILITY = YES;
				GCC_C_LANGUAGE_STANDARD = gnu11;
				GCC_DYNAMIC_NO_PIC = NO;
				GCC_NO_COMMON_BLOCKS = YES;
				GCC_OPTIMIZATION_LEVEL = 0;
				GCC_PREPROCESSOR_DEFINITIONS = (
					"DEBUG=1",
					"$(inherited)",
				);
				GCC_WARN_64_TO_32_BIT_CONVERSION = YES;
				GCC_WARN_ABOUT_RETURN_TYPE = YES_ERROR;
				GCC_WARN_UNDECLARED_SELECTOR = YES;
				GCC_WARN_UNINITIALIZED_AUTOS = YES_AGGRESSIVE;
				GCC_WARN_UNUSED_FUNCTION = YES;
				GCC_WARN_UNUSED_VARIABLE = YES;
				IPHONEOS_DEPLOYMENT_TARGET = 14.1;
				MTL_ENABLE_DEBUG_INFO = INCLUDE_SOURCE;
				MTL_FAST_MATH = YES;
				ONLY_ACTIVE_ARCH = YES;
				SDKROOT = iphoneos;
				SWIFT_ACTIVE_COMPILATION_CONDITIONS = DEBUG;
				SWIFT_OPTIMIZATION_LEVEL = "-Onone";
			};
			name = Debug;
		};
		323089FD25615FF3009D8602 /* Release */ = {
			isa = XCBuildConfiguration;
			buildSettings = {
				ALWAYS_SEARCH_USER_PATHS = NO;
				CLANG_ANALYZER_NONNULL = YES;
				CLANG_ANALYZER_NUMBER_OBJECT_CONVERSION = YES_AGGRESSIVE;
				CLANG_CXX_LANGUAGE_STANDARD = "gnu++14";
				CLANG_CXX_LIBRARY = "libc++";
				CLANG_ENABLE_MODULES = YES;
				CLANG_ENABLE_OBJC_ARC = YES;
				CLANG_ENABLE_OBJC_WEAK = YES;
				CLANG_WARN_BLOCK_CAPTURE_AUTORELEASING = YES;
				CLANG_WARN_BOOL_CONVERSION = YES;
				CLANG_WARN_COMMA = YES;
				CLANG_WARN_CONSTANT_CONVERSION = YES;
				CLANG_WARN_DEPRECATED_OBJC_IMPLEMENTATIONS = YES;
				CLANG_WARN_DIRECT_OBJC_ISA_USAGE = YES_ERROR;
				CLANG_WARN_DOCUMENTATION_COMMENTS = YES;
				CLANG_WARN_EMPTY_BODY = YES;
				CLANG_WARN_ENUM_CONVERSION = YES;
				CLANG_WARN_INFINITE_RECURSION = YES;
				CLANG_WARN_INT_CONVERSION = YES;
				CLANG_WARN_NON_LITERAL_NULL_CONVERSION = YES;
				CLANG_WARN_OBJC_IMPLICIT_RETAIN_SELF = YES;
				CLANG_WARN_OBJC_LITERAL_CONVERSION = YES;
				CLANG_WARN_OBJC_ROOT_CLASS = YES_ERROR;
				CLANG_WARN_QUOTED_INCLUDE_IN_FRAMEWORK_HEADER = YES;
				CLANG_WARN_RANGE_LOOP_ANALYSIS = YES;
				CLANG_WARN_STRICT_PROTOTYPES = YES;
				CLANG_WARN_SUSPICIOUS_MOVE = YES;
				CLANG_WARN_UNGUARDED_AVAILABILITY = YES_AGGRESSIVE;
				CLANG_WARN_UNREACHABLE_CODE = YES;
				CLANG_WARN__DUPLICATE_METHOD_MATCH = YES;
				COPY_PHASE_STRIP = NO;
				DEBUG_INFORMATION_FORMAT = "dwarf-with-dsym";
				ENABLE_NS_ASSERTIONS = NO;
				ENABLE_STRICT_OBJC_MSGSEND = YES;
				GCC_C_LANGUAGE_STANDARD = gnu11;
				GCC_NO_COMMON_BLOCKS = YES;
				GCC_WARN_64_TO_32_BIT_CONVERSION = YES;
				GCC_WARN_ABOUT_RETURN_TYPE = YES_ERROR;
				GCC_WARN_UNDECLARED_SELECTOR = YES;
				GCC_WARN_UNINITIALIZED_AUTOS = YES_AGGRESSIVE;
				GCC_WARN_UNUSED_FUNCTION = YES;
				GCC_WARN_UNUSED_VARIABLE = YES;
				IPHONEOS_DEPLOYMENT_TARGET = 14.1;
				MTL_ENABLE_DEBUG_INFO = NO;
				MTL_FAST_MATH = YES;
				SDKROOT = iphoneos;
				SWIFT_COMPILATION_MODE = wholemodule;
				SWIFT_OPTIMIZATION_LEVEL = "-O";
				VALIDATE_PRODUCT = YES;
			};
			name = Release;
		};
		323089FF25615FF3009D8602 /* Debug */ = {
			isa = XCBuildConfiguration;
			buildSettings = {
				ASSETCATALOG_COMPILER_APPICON_NAME = AppIcon;
				ASSETCATALOG_COMPILER_GLOBAL_ACCENT_COLOR_NAME = AccentColor;
				CODE_SIGN_STYLE = Automatic;
				DEVELOPMENT_TEAM = 8S8L5G7UV4;
				INFOPLIST_FILE = "Task Manager/Info.plist";
				LD_RUNPATH_SEARCH_PATHS = (
					"$(inherited)",
					"@executable_path/Frameworks",
				);
				PRODUCT_BUNDLE_IDENTIFIER = "com.fedorfilimonov.Task-Manager";
				PRODUCT_NAME = "$(TARGET_NAME)";
				SWIFT_VERSION = 5.0;
				TARGETED_DEVICE_FAMILY = "1,2";
			};
			name = Debug;
		};
		32308A0025615FF3009D8602 /* Release */ = {
			isa = XCBuildConfiguration;
			buildSettings = {
				ASSETCATALOG_COMPILER_APPICON_NAME = AppIcon;
				ASSETCATALOG_COMPILER_GLOBAL_ACCENT_COLOR_NAME = AccentColor;
				CODE_SIGN_STYLE = Automatic;
				DEVELOPMENT_TEAM = 8S8L5G7UV4;
				INFOPLIST_FILE = "Task Manager/Info.plist";
				LD_RUNPATH_SEARCH_PATHS = (
					"$(inherited)",
					"@executable_path/Frameworks",
				);
				PRODUCT_BUNDLE_IDENTIFIER = "com.fedorfilimonov.Task-Manager";
				PRODUCT_NAME = "$(TARGET_NAME)";
				SWIFT_VERSION = 5.0;
				TARGETED_DEVICE_FAMILY = "1,2";
			};
			name = Release;
		};
/* End XCBuildConfiguration section */

/* Begin XCConfigurationList section */
		323089E525615FF0009D8602 /* Build configuration list for PBXProject "Task Manager" */ = {
			isa = XCConfigurationList;
			buildConfigurations = (
				323089FC25615FF3009D8602 /* Debug */,
				323089FD25615FF3009D8602 /* Release */,
			);
			defaultConfigurationIsVisible = 0;
			defaultConfigurationName = Release;
		};
		323089FE25615FF3009D8602 /* Build configuration list for PBXNativeTarget "Task Manager" */ = {
			isa = XCConfigurationList;
			buildConfigurations = (
				323089FF25615FF3009D8602 /* Debug */,
				32308A0025615FF3009D8602 /* Release */,
			);
			defaultConfigurationIsVisible = 0;
			defaultConfigurationName = Release;
		};
/* End XCConfigurationList section */
	};
	rootObject = 323089E225615FF0009D8602 /* Project object */;
}
